
Microsoft Visual Studio Solution File, Format Version 12.00
# Visual Studio Version 17
VisualStudioVersion = 17.14.36109.1 d17.14
MinimumVisualStudioVersion = 10.0.40219.1
Project("{FAE04EC0-301F-11D3-BF4B-00C04F79EFBC}") = "Yummy.WebApi", "Yummy.WebApi\Yummy.WebApi.csproj", "{9BC0FAD4-9F86-4186-AE21-FA9C99E349BA}"
EndProject
Global
	GlobalSection(SolutionConfigurationPlatforms) = preSolution
		Debug|Any CPU = Debug|Any CPU
		Release|Any CPU = Release|Any CPU
	EndGlobalSection
	GlobalSection(ProjectConfigurationPlatforms) = postSolution
		{9BC0FAD4-9F86-4186-AE21-FA9C99E349BA}.Debug|Any CPU.ActiveCfg = Debug|Any CPU
		{9BC0FAD4-9F86-4186-AE21-FA9C99E349BA}.Debug|Any CPU.Build.0 = Debug|Any CPU
		{9BC0FAD4-9F86-4186-AE21-FA9C99E349BA}.Release|Any CPU.ActiveCfg = Release|Any CPU
		{9BC0FAD4-9F86-4186-AE21-FA9C99E349BA}.Release|Any CPU.Build.0 = Release|Any CPU
	EndGlobalSection
	GlobalSection(SolutionProperties) = preSolution
		HideSolutionNode = FALSE
	EndGlobalSection
	GlobalSection(ExtensibilityGlobals) = postSolution
		SolutionGuid = {E4F3A28E-9728-405B-83CA-983F2B944236}
	EndGlobalSection
EndGlobal
